// !$*UTF8*$!
{
	archiveVersion = 1;
	classes = {
	};
	objectVersion = 46;
	objects = {

/* Begin PBXBuildFile section */
		A1EAA9B11D16DF3200DAE6FA /* AppDelegate.swift in Sources */ = {isa = PBXBuildFile; fileRef = A1EAA9B01D16DF3200DAE6FA /* AppDelegate.swift */; };
		A1EAA9B31D16DF3200DAE6FA /* ViewController.swift in Sources */ = {isa = PBXBuildFile; fileRef = A1EAA9B21D16DF3200DAE6FA /* ViewController.swift */; };
		A1EAA9B61D16DF3200DAE6FA /* Main.storyboard in Resources */ = {isa = PBXBuildFile; fileRef = A1EAA9B41D16DF3200DAE6FA /* Main.storyboard */; };
		A1EAA9B81D16DF3200DAE6FA /* Assets.xcassets in Resources */ = {isa = PBXBuildFile; fileRef = A1EAA9B71D16DF3200DAE6FA /* Assets.xcassets */; };
		A1EAA9BB1D16DF3200DAE6FA /* LaunchScreen.storyboard in Resources */ = {isa = PBXBuildFile; fileRef = A1EAA9B91D16DF3200DAE6FA /* LaunchScreen.storyboard */; };
		A1EAA9C61D16DF3200DAE6FA /* MyTodoListTests.swift in Sources */ = {isa = PBXBuildFile; fileRef = A1EAA9C51D16DF3200DAE6FA /* MyTodoListTests.swift */; };
		A1EAA9D11D16DF3200DAE6FA /* MyTodoListUITests.swift in Sources */ = {isa = PBXBuildFile; fileRef = A1EAA9D01D16DF3200DAE6FA /* MyTodoListUITests.swift */; };
/* End PBXBuildFile section */

/* Begin PBXContainerItemProxy section */
		A1EAA9C21D16DF3200DAE6FA /* PBXContainerItemProxy */ = {
			isa = PBXContainerItemProxy;
			containerPortal = A1EAA9A51D16DF3200DAE6FA /* Project object */;
			proxyType = 1;
			remoteGlobalIDString = A1EAA9AC1D16DF3200DAE6FA;
			remoteInfo = MyTodoList;
		};
		A1EAA9CD1D16DF3200DAE6FA /* PBXContainerItemProxy */ = {
			isa = PBXContainerItemProxy;
			containerPortal = A1EAA9A51D16DF3200DAE6FA /* Project object */;
			proxyType = 1;
			remoteGlobalIDString = A1EAA9AC1D16DF3200DAE6FA;
			remoteInfo = MyTodoList;
		};
/* End PBXContainerItemProxy section */

/* Begin PBXFileReference section */
		A1EAA9AD1D16DF3200DAE6FA /* MyTodoList.app */ = {isa = PBXFileReference; explicitFileType = wrapper.application; includeInIndex = 0; path = MyTodoList.app; sourceTree = BUILT_PRODUCTS_DIR; };
		A1EAA9B01D16DF3200DAE6FA /* AppDelegate.swift */ = {isa = PBXFileReference; lastKnownFileType = sourcecode.swift; path = AppDelegate.swift; sourceTree = "<group>"; };
		A1EAA9B21D16DF3200DAE6FA /* ViewController.swift */ = {isa = PBXFileReference; lastKnownFileType = sourcecode.swift; path = ViewController.swift; sourceTree = "<group>"; };
		A1EAA9B51D16DF3200DAE6FA /* Base */ = {isa = PBXFileReference; lastKnownFileType = file.storyboard; name = Base; path = Base.lproj/Main.storyboard; sourceTree = "<group>"; };
		A1EAA9B71D16DF3200DAE6FA /* Assets.xcassets */ = {isa = PBXFileReference; lastKnownFileType = folder.assetcatalog; path = Assets.xcassets; sourceTree = "<group>"; };
		A1EAA9BA1D16DF3200DAE6FA /* Base */ = {isa = PBXFileReference; lastKnownFileType = file.storyboard; name = Base; path = Base.lproj/LaunchScreen.storyboard; sourceTree = "<group>"; };
		A1EAA9BC1D16DF3200DAE6FA /* Info.plist */ = {isa = PBXFileReference; lastKnownFileType = text.plist.xml; path = Info.plist; sourceTree = "<group>"; };
		A1EAA9C11D16DF3200DAE6FA /* MyTodoListTests.xctest */ = {isa = PBXFileReference; explicitFileType = wrapper.cfbundle; includeInIndex = 0; path = MyTodoListTests.xctest; sourceTree = BUILT_PRODUCTS_DIR; };
		A1EAA9C51D16DF3200DAE6FA /* MyTodoListTests.swift */ = {isa = PBXFileReference; lastKnownFileType = sourcecode.swift; path = MyTodoListTests.swift; sourceTree = "<group>"; };
		A1EAA9C71D16DF3200DAE6FA /* Info.plist */ = {isa = PBXFileReference; lastKnownFileType = text.plist.xml; path = Info.plist; sourceTree = "<group>"; };
		A1EAA9CC1D16DF3200DAE6FA /* MyTodoListUITests.xctest */ = {isa = PBXFileReference; explicitFileType = wrapper.cfbundle; includeInIndex = 0; path = MyTodoListUITests.xctest; sourceTree = BUILT_PRODUCTS_DIR; };
		A1EAA9D01D16DF3200DAE6FA /* MyTodoListUITests.swift */ = {isa = PBXFileReference; lastKnownFileType = sourcecode.swift; path = MyTodoListUITests.swift; sourceTree = "<group>"; };
		A1EAA9D21D16DF3200DAE6FA /* Info.plist */ = {isa = PBXFileReference; lastKnownFileType = text.plist.xml; path = Info.plist; sourceTree = "<group>"; };
/* End PBXFileReference section */

/* Begin PBXFrameworksBuildPhase section */
		A1EAA9AA1D16DF3200DAE6FA /* Frameworks */ = {
			isa = PBXFrameworksBuildPhase;
			buildActionMask = 2147483647;
			files = (
			);
			runOnlyForDeploymentPostprocessing = 0;
		};
		A1EAA9BE1D16DF3200DAE6FA /* Frameworks */ = {
			isa = PBXFrameworksBuildPhase;
			buildActionMask = 2147483647;
			files = (
			);
			runOnlyForDeploymentPostprocessing = 0;
		};
		A1EAA9C91D16DF3200DAE6FA /* Frameworks */ = {
			isa = PBXFrameworksBuildPhase;
			buildActionMask = 2147483647;
			files = (
			);
			runOnlyForDeploymentPostprocessing = 0;
		};
/* End PBXFrameworksBuildPhase section */

/* Begin PBXGroup section */
		A1EAA9A41D16DF3200DAE6FA = {
			isa = PBXGroup;
			children = (
				A1EAA9AF1D16DF3200DAE6FA /* MyTodoList */,
				A1EAA9C41D16DF3200DAE6FA /* MyTodoListTests */,
				A1EAA9CF1D16DF3200DAE6FA /* MyTodoListUITests */,
				A1EAA9AE1D16DF3200DAE6FA /* Products */,
			);
			sourceTree = "<group>";
		};
		A1EAA9AE1D16DF3200DAE6FA /* Products */ = {
			isa = PBXGroup;
			children = (
				A1EAA9AD1D16DF3200DAE6FA /* MyTodoList.app */,
				A1EAA9C11D16DF3200DAE6FA /* MyTodoListTests.xctest */,
				A1EAA9CC1D16DF3200DAE6FA /* MyTodoListUITests.xctest */,
			);
			name = Products;
			sourceTree = "<group>";
		};
		A1EAA9AF1D16DF3200DAE6FA /* MyTodoList */ = {
			isa = PBXGroup;
			children = (
				A1EAA9B01D16DF3200DAE6FA /* AppDelegate.swift */,
				A1EAA9B21D16DF3200DAE6FA /* ViewController.swift */,
				A1EAA9B41D16DF3200DAE6FA /* Main.storyboard */,
				A1EAA9B71D16DF3200DAE6FA /* Assets.xcassets */,
				A1EAA9B91D16DF3200DAE6FA /* LaunchScreen.storyboard */,
				A1EAA9BC1D16DF3200DAE6FA /* Info.plist */,
			);
			path = MyTodoList;
			sourceTree = "<group>";
		};
		A1EAA9C41D16DF3200DAE6FA /* MyTodoListTests */ = {
			isa = PBXGroup;
			children = (
				A1EAA9C51D16DF3200DAE6FA /* MyTodoListTests.swift */,
				A1EAA9C71D16DF3200DAE6FA /* Info.plist */,
			);
			path = MyTodoListTests;
			sourceTree = "<group>";
		};
		A1EAA9CF1D16DF3200DAE6FA /* MyTodoListUITests */ = {
			isa = PBXGroup;
			children = (
				A1EAA9D01D16DF3200DAE6FA /* MyTodoListUITests.swift */,
				A1EAA9D21D16DF3200DAE6FA /* Info.plist */,
			);
			path = MyTodoListUITests;
			sourceTree = "<group>";
		};
/* End PBXGroup section */

/* Begin PBXNativeTarget section */
		A1EAA9AC1D16DF3200DAE6FA /* MyTodoList */ = {
			isa = PBXNativeTarget;
			buildConfigurationList = A1EAA9D51D16DF3200DAE6FA /* Build configuration list for PBXNativeTarget "MyTodoList" */;
			buildPhases = (
				A1EAA9A91D16DF3200DAE6FA /* Sources */,
				A1EAA9AA1D16DF3200DAE6FA /* Frameworks */,
				A1EAA9AB1D16DF3200DAE6FA /* Resources */,
			);
			buildRules = (
			);
			dependencies = (
			);
			name = MyTodoList;
			productName = MyTodoList;
			productReference = A1EAA9AD1D16DF3200DAE6FA /* MyTodoList.app */;
			productType = "com.apple.product-type.application";
		};
		A1EAA9C01D16DF3200DAE6FA /* MyTodoListTests */ = {
			isa = PBXNativeTarget;
			buildConfigurationList = A1EAA9D81D16DF3200DAE6FA /* Build configuration list for PBXNativeTarget "MyTodoListTests" */;
			buildPhases = (
				A1EAA9BD1D16DF3200DAE6FA /* Sources */,
				A1EAA9BE1D16DF3200DAE6FA /* Frameworks */,
				A1EAA9BF1D16DF3200DAE6FA /* Resources */,
			);
			buildRules = (
			);
			dependencies = (
				A1EAA9C31D16DF3200DAE6FA /* PBXTargetDependency */,
			);
			name = MyTodoListTests;
			productName = MyTodoListTests;
			productReference = A1EAA9C11D16DF3200DAE6FA /* MyTodoListTests.xctest */;
			productType = "com.apple.product-type.bundle.unit-test";
		};
		A1EAA9CB1D16DF3200DAE6FA /* MyTodoListUITests */ = {
			isa = PBXNativeTarget;
			buildConfigurationList = A1EAA9DB1D16DF3200DAE6FA /* Build configuration list for PBXNativeTarget "MyTodoListUITests" */;
			buildPhases = (
				A1EAA9C81D16DF3200DAE6FA /* Sources */,
				A1EAA9C91D16DF3200DAE6FA /* Frameworks */,
				A1EAA9CA1D16DF3200DAE6FA /* Resources */,
			);
			buildRules = (
			);
			dependencies = (
				A1EAA9CE1D16DF3200DAE6FA /* PBXTargetDependency */,
			);
			name = MyTodoListUITests;
			productName = MyTodoListUITests;
			productReference = A1EAA9CC1D16DF3200DAE6FA /* MyTodoListUITests.xctest */;
			productType = "com.apple.product-type.bundle.ui-testing";
		};
/* End PBXNativeTarget section */

/* Begin PBXProject section */
		A1EAA9A51D16DF3200DAE6FA /* Project object */ = {
			isa = PBXProject;
			attributes = {
				LastSwiftUpdateCheck = 0730;
				LastUpgradeCheck = 0730;
				ORGANIZATIONNAME = "tomoya kimura";
				TargetAttributes = {
					A1EAA9AC1D16DF3200DAE6FA = {
						CreatedOnToolsVersion = 7.3.1;
						DevelopmentTeam = 2N8J92XEVG;
					};
					A1EAA9C01D16DF3200DAE6FA = {
						CreatedOnToolsVersion = 7.3.1;
						DevelopmentTeam = 2N8J92XEVG;
						TestTargetID = A1EAA9AC1D16DF3200DAE6FA;
					};
					A1EAA9CB1D16DF3200DAE6FA = {
						CreatedOnToolsVersion = 7.3.1;
						DevelopmentTeam = 2N8J92XEVG;
						TestTargetID = A1EAA9AC1D16DF3200DAE6FA;
					};
				};
			};
			buildConfigurationList = A1EAA9A81D16DF3200DAE6FA /* Build configuration list for PBXProject "MyTodoList" */;
			compatibilityVersion = "Xcode 3.2";
			developmentRegion = English;
			hasScannedForEncodings = 0;
			knownRegions = (
				en,
				Base,
			);
			mainGroup = A1EAA9A41D16DF3200DAE6FA;
			productRefGroup = A1EAA9AE1D16DF3200DAE6FA /* Products */;
			projectDirPath = "";
			projectRoot = "";
			targets = (
				A1EAA9AC1D16DF3200DAE6FA /* MyTodoList */,
				A1EAA9C01D16DF3200DAE6FA /* MyTodoListTests */,
				A1EAA9CB1D16DF3200DAE6FA /* MyTodoListUITests */,
			);
		};
/* End PBXProject section */

/* Begin PBXResourcesBuildPhase section */
		A1EAA9AB1D16DF3200DAE6FA /* Resources */ = {
			isa = PBXResourcesBuildPhase;
			buildActionMask = 2147483647;
			files = (
				A1EAA9BB1D16DF3200DAE6FA /* LaunchScreen.storyboard in Resources */,
				A1EAA9B81D16DF3200DAE6FA /* Assets.xcassets in Resources */,
				A1EAA9B61D16DF3200DAE6FA /* Main.storyboard in Resources */,
			);
			runOnlyForDeploymentPostprocessing = 0;
		};
		A1EAA9BF1D16DF3200DAE6FA /* Resources */ = {
			isa = PBXResourcesBuildPhase;
			buildActionMask = 2147483647;
			files = (
			);
			runOnlyForDeploymentPostprocessing = 0;
		};
		A1EAA9CA1D16DF3200DAE6FA /* Resources */ = {
			isa = PBXResourcesBuildPhase;
			buildActionMask = 2147483647;
			files = (
			);
			runOnlyForDeploymentPostprocessing = 0;
		};
/* End PBXResourcesBuildPhase section */

/* Begin PBXSourcesBuildPhase section */
		A1EAA9A91D16DF3200DAE6FA /* Sources */ = {
			isa = PBXSourcesBuildPhase;
			buildActionMask = 2147483647;
			files = (
				A1EAA9B31D16DF3200DAE6FA /* ViewController.swift in Sources */,
				A1EAA9B11D16DF3200DAE6FA /* AppDelegate.swift in Sources */,
			);
			runOnlyForDeploymentPostprocessing = 0;
		};
		A1EAA9BD1D16DF3200DAE6FA /* Sources */ = {
			isa = PBXSourcesBuildPhase;
			buildActionMask = 2147483647;
			files = (
				A1EAA9C61D16DF3200DAE6FA /* MyTodoListTests.swift in Sources */,
			);
			runOnlyForDeploymentPostprocessing = 0;
		};
		A1EAA9C81D16DF3200DAE6FA /* Sources */ = {
			isa = PBXSourcesBuildPhase;
			buildActionMask = 2147483647;
			files = (
				A1EAA9D11D16DF3200DAE6FA /* MyTodoListUITests.swift in Sources */,
			);
			runOnlyForDeploymentPostprocessing = 0;
		};
/* End PBXSourcesBuildPhase section */

/* Begin PBXTargetDependency section */
		A1EAA9C31D16DF3200DAE6FA /* PBXTargetDependency */ = {
			isa = PBXTargetDependency;
			target = A1EAA9AC1D16DF3200DAE6FA /* MyTodoList */;
			targetProxy = A1EAA9C21D16DF3200DAE6FA /* PBXContainerItemProxy */;
		};
		A1EAA9CE1D16DF3200DAE6FA /* PBXTargetDependency */ = {
			isa = PBXTargetDependency;
			target = A1EAA9AC1D16DF3200DAE6FA /* MyTodoList */;
			targetProxy = A1EAA9CD1D16DF3200DAE6FA /* PBXContainerItemProxy */;
		};
/* End PBXTargetDependency section */

/* Begin PBXVariantGroup section */
		A1EAA9B41D16DF3200DAE6FA /* Main.storyboard */ = {
			isa = PBXVariantGroup;
			children = (
				A1EAA9B51D16DF3200DAE6FA /* Base */,
			);
			name = Main.storyboard;
			sourceTree = "<group>";
		};
		A1EAA9B91D16DF3200DAE6FA /* LaunchScreen.storyboard */ = {
			isa = PBXVariantGroup;
			children = (
				A1EAA9BA1D16DF3200DAE6FA /* Base */,
			);
			name = LaunchScreen.storyboard;
			sourceTree = "<group>";
		};
/* End PBXVariantGroup section */

/* Begin XCBuildConfiguration section */
		A1EAA9D31D16DF3200DAE6FA /* Debug */ = {
			isa = XCBuildConfiguration;
			buildSettings = {
				ALWAYS_SEARCH_USER_PATHS = NO;
				CLANG_ANALYZER_NONNULL = YES;
				CLANG_CXX_LANGUAGE_STANDARD = "gnu++0x";
				CLANG_CXX_LIBRARY = "libc++";
				CLANG_ENABLE_MODULES = YES;
				CLANG_ENABLE_OBJC_ARC = YES;
				CLANG_WARN_BOOL_CONVERSION = YES;
				CLANG_WARN_CONSTANT_CONVERSION = YES;
				CLANG_WARN_DIRECT_OBJC_ISA_USAGE = YES_ERROR;
				CLANG_WARN_EMPTY_BODY = YES;
				CLANG_WARN_ENUM_CONVERSION = YES;
				CLANG_WARN_INT_CONVERSION = YES;
				CLANG_WARN_OBJC_ROOT_CLASS = YES_ERROR;
				CLANG_WARN_UNREACHABLE_CODE = YES;
				CLANG_WARN__DUPLICATE_METHOD_MATCH = YES;
				"CODE_SIGN_IDENTITY[sdk=iphoneos*]" = "iPhone Developer";
				COPY_PHASE_STRIP = NO;
				DEBUG_INFORMATION_FORMAT = dwarf;
				ENABLE_STRICT_OBJC_MSGSEND = YES;
				ENABLE_TESTABILITY = YES;
				GCC_C_LANGUAGE_STANDARD = gnu99;
				GCC_DYNAMIC_NO_PIC = NO;
				GCC_NO_COMMON_BLOCKS = YES;
				GCC_OPTIMIZATION_LEVEL = 0;
				GCC_PREPROCESSOR_DEFINITIONS = (
					"DEBUG=1",
					"$(inherited)",
				);
				GCC_WARN_64_TO_32_BIT_CONVERSION = YES;
				GCC_WARN_ABOUT_RETURN_TYPE = YES_ERROR;
				GCC_WARN_UNDECLARED_SELECTOR = YES;
				GCC_WARN_UNINITIALIZED_AUTOS = YES_AGGRESSIVE;
				GCC_WARN_UNUSED_FUNCTION = YES;
				GCC_WARN_UNUSED_VARIABLE = YES;
				IPHONEOS_DEPLOYMENT_TARGET = 9.3;
				MTL_ENABLE_DEBUG_INFO = YES;
				ONLY_ACTIVE_ARCH = YES;
				SDKROOT = iphoneos;
				SWIFT_OPTIMIZATION_LEVEL = "-Onone";
				TARGETED_DEVICE_FAMILY = "1,2";
			};
			name = Debug;
		};
		A1EAA9D41D16DF3200DAE6FA /* Release */ = {
			isa = XCBuildConfiguration;
			buildSettings = {
				ALWAYS_SEARCH_USER_PATHS = NO;
				CLANG_ANALYZER_NONNULL = YES;
				CLANG_CXX_LANGUAGE_STANDARD = "gnu++0x";
				CLANG_CXX_LIBRARY = "libc++";
				CLANG_ENABLE_MODULES = YES;
				CLANG_ENABLE_OBJC_ARC = YES;
				CLANG_WARN_BOOL_CONVERSION = YES;
				CLANG_WARN_CONSTANT_CONVERSION = YES;
				CLANG_WARN_DIRECT_OBJC_ISA_USAGE = YES_ERROR;
				CLANG_WARN_EMPTY_BODY = YES;
				CLANG_WARN_ENUM_CONVERSION = YES;
				CLANG_WARN_INT_CONVERSION = YES;
				CLANG_WARN_OBJC_ROOT_CLASS = YES_ERROR;
				CLANG_WARN_UNREACHABLE_CODE = YES;
				CLANG_WARN__DUPLICATE_METHOD_MATCH = YES;
				"CODE_SIGN_IDENTITY[sdk=iphoneos*]" = "iPhone Developer";
				COPY_PHASE_STRIP = NO;
				DEBUG_INFORMATION_FORMAT = "dwarf-with-dsym";
				ENABLE_NS_ASSERTIONS = NO;
				ENABLE_STRICT_OBJC_MSGSEND = YES;
				GCC_C_LANGUAGE_STANDARD = gnu99;
				GCC_NO_COMMON_BLOCKS = YES;
				GCC_WARN_64_TO_32_BIT_CONVERSION = YES;
				GCC_WARN_ABOUT_RETURN_TYPE = YES_ERROR;
				GCC_WARN_UNDECLARED_SELECTOR = YES;
				GCC_WARN_UNINITIALIZED_AUTOS = YES_AGGRESSIVE;
				GCC_WARN_UNUSED_FUNCTION = YES;
				GCC_WARN_UNUSED_VARIABLE = YES;
				IPHONEOS_DEPLOYMENT_TARGET = 9.3;
				MTL_ENABLE_DEBUG_INFO = NO;
				SDKROOT = iphoneos;
				TARGETED_DEVICE_FAMILY = "1,2";
				VALIDATE_PRODUCT = YES;
			};
			name = Release;
		};
		A1EAA9D61D16DF3200DAE6FA /* Debug */ = {
			isa = XCBuildConfiguration;
			buildSettings = {
				ASSETCATALOG_COMPILER_APPICON_NAME = AppIcon;
				INFOPLIST_FILE = MyTodoList/Info.plist;
				LD_RUNPATH_SEARCH_PATHS = "$(inherited) @executable_path/Frameworks";
				PRODUCT_BUNDLE_IDENTIFIER = com.sample.MyTodoList;
				PRODUCT_NAME = "$(TARGET_NAME)";
			};
			name = Debug;
		};
		A1EAA9D71D16DF3200DAE6FA /* Release */ = {
			isa = XCBuildConfiguration;
			buildSettings = {
				ASSETCATALOG_COMPILER_APPICON_NAME = AppIcon;
				INFOPLIST_FILE = MyTodoList/Info.plist;
				LD_RUNPATH_SEARCH_PATHS = "$(inherited) @executable_path/Frameworks";
				PRODUCT_BUNDLE_IDENTIFIER = com.sample.MyTodoList;
				PRODUCT_NAME = "$(TARGET_NAME)";
			};
			name = Release;
		};
		A1EAA9D91D16DF3200DAE6FA /* Debug */ = {
			isa = XCBuildConfiguration;
			buildSettings = {
				BUNDLE_LOADER = "$(TEST_HOST)";
				INFOPLIST_FILE = MyTodoListTests/Info.plist;
				LD_RUNPATH_SEARCH_PATHS = "$(inherited) @executable_path/Frameworks @loader_path/Frameworks";
				PRODUCT_BUNDLE_IDENTIFIER = com.sample.MyTodoListTests;
				PRODUCT_NAME = "$(TARGET_NAME)";
				TEST_HOST = "$(BUILT_PRODUCTS_DIR)/MyTodoList.app/MyTodoList";
			};
			name = Debug;
		};
		A1EAA9DA1D16DF3200DAE6FA /* Release */ = {
			isa = XCBuildConfiguration;
			buildSettings = {
				BUNDLE_LOADER = "$(TEST_HOST)";
				INFOPLIST_FILE = MyTodoListTests/Info.plist;
				LD_RUNPATH_SEARCH_PATHS = "$(inherited) @executable_path/Frameworks @loader_path/Frameworks";
				PRODUCT_BUNDLE_IDENTIFIER = com.sample.MyTodoListTests;
				PRODUCT_NAME = "$(TARGET_NAME)";
				TEST_HOST = "$(BUILT_PRODUCTS_DIR)/MyTodoList.app/MyTodoList";
			};
			name = Release;
		};
		A1EAA9DC1D16DF3200DAE6FA /* Debug */ = {
			isa = XCBuildConfiguration;
			buildSettings = {
				INFOPLIST_FILE = MyTodoListUITests/Info.plist;
				LD_RUNPATH_SEARCH_PATHS = "$(inherited) @executable_path/Frameworks @loader_path/Frameworks";
				PRODUCT_BUNDLE_IDENTIFIER = com.sample.MyTodoListUITests;
				PRODUCT_NAME = "$(TARGET_NAME)";
				TEST_TARGET_NAME = MyTodoList;
			};
			name = Debug;
		};
		A1EAA9DD1D16DF3200DAE6FA /* Release */ = {
			isa = XCBuildConfiguration;
			buildSettings = {
				INFOPLIST_FILE = MyTodoListUITests/Info.plist;
				LD_RUNPATH_SEARCH_PATHS = "$(inherited) @executable_path/Frameworks @loader_path/Frameworks";
				PRODUCT_BUNDLE_IDENTIFIER = com.sample.MyTodoListUITests;
				PRODUCT_NAME = "$(TARGET_NAME)";
				TEST_TARGET_NAME = MyTodoList;
			};
			name = Release;
		};
/* End XCBuildConfiguration section */

/* Begin XCConfigurationList section */
		A1EAA9A81D16DF3200DAE6FA /* Build configuration list for PBXProject "MyTodoList" */ = {
			isa = XCConfigurationList;
			buildConfigurations = (
				A1EAA9D31D16DF3200DAE6FA /* Debug */,
				A1EAA9D41D16DF3200DAE6FA /* Release */,
			);
			defaultConfigurationIsVisible = 0;
			defaultConfigurationName = Release;
		};
		A1EAA9D51D16DF3200DAE6FA /* Build configuration list for PBXNativeTarget "MyTodoList" */ = {
			isa = XCConfigurationList;
			buildConfigurations = (
				A1EAA9D61D16DF3200DAE6FA /* Debug */,
				A1EAA9D71D16DF3200DAE6FA /* Release */,
			);
			defaultConfigurationIsVisible = 0;
		};
		A1EAA9D81D16DF3200DAE6FA /* Build configuration list for PBXNativeTarget "MyTodoListTests" */ = {
			isa = XCConfigurationList;
			buildConfigurations = (
				A1EAA9D91D16DF3200DAE6FA /* Debug */,
				A1EAA9DA1D16DF3200DAE6FA /* Release */,
			);
			defaultConfigurationIsVisible = 0;
		};
		A1EAA9DB1D16DF3200DAE6FA /* Build configuration list for PBXNativeTarget "MyTodoListUITests" */ = {
			isa = XCConfigurationList;
			buildConfigurations = (
				A1EAA9DC1D16DF3200DAE6FA /* Debug */,
				A1EAA9DD1D16DF3200DAE6FA /* Release */,
			);
			defaultConfigurationIsVisible = 0;
		};
/* End XCConfigurationList section */
	};
	rootObject = A1EAA9A51D16DF3200DAE6FA /* Project object */;
}
